
Microsoft Visual Studio Solution File, Format Version 12.00
# Visual Studio 14
VisualStudioVersion = 14.0.25420.1
MinimumVisualStudioVersion = 10.0.40219.1
Project("{FAE04EC0-301F-11D3-BF4B-00C04F79EFBC}") = "WpfPractice1", "WpfPractice1\WpfPractice1.csproj", "{5AFF80BB-E358-4CA2-9792-0FBA3623C5EA}"
EndProject
Global
	GlobalSection(SolutionConfigurationPlatforms) = preSolution
		Debug|Any CPU = Debug|Any CPU
		Release|Any CPU = Release|Any CPU
	EndGlobalSection
	GlobalSection(ProjectConfigurationPlatforms) = postSolution
		{5AFF80BB-E358-4CA2-9792-0FBA3623C5EA}.Debug|Any CPU.ActiveCfg = Debug|Any CPU
		{5AFF80BB-E358-4CA2-9792-0FBA3623C5EA}.Debug|Any CPU.Build.0 = Debug|Any CPU
		{5AFF80BB-E358-4CA2-9792-0FBA3623C5EA}.Release|Any CPU.ActiveCfg = Release|Any CPU
		{5AFF80BB-E358-4CA2-9792-0FBA3623C5EA}.Release|Any CPU.Build.0 = Release|Any CPU
	EndGlobalSection
	GlobalSection(SolutionProperties) = preSolution
		HideSolutionNode = FALSE
	EndGlobalSection
EndGlobal
